// !$*UTF8*$!
{
	archiveVersion = 1;
	classes = {
	};
	objectVersion = 55;
	objects = {

/* Begin PBXBuildFile section */
		08E4D55728BB6B0E00FCE406 /* NetworkServiceSwiftUIApp.swift in Sources */ = {isa = PBXBuildFile; fileRef = 08E4D55628BB6B0E00FCE406 /* NetworkServiceSwiftUIApp.swift */; };
		08E4D55928BB6B0E00FCE406 /* ContentView.swift in Sources */ = {isa = PBXBuildFile; fileRef = 08E4D55828BB6B0E00FCE406 /* ContentView.swift */; };
		08E4D55B28BB6B0E00FCE406 /* Assets.xcassets in Resources */ = {isa = PBXBuildFile; fileRef = 08E4D55A28BB6B0E00FCE406 /* Assets.xcassets */; };
		08E4D55E28BB6B0E00FCE406 /* Preview Assets.xcassets in Resources */ = {isa = PBXBuildFile; fileRef = 08E4D55D28BB6B0E00FCE406 /* Preview Assets.xcassets */; };
		08E4D56628BB6B5500FCE406 /* UserModel.swift in Sources */ = {isa = PBXBuildFile; fileRef = 08E4D56528BB6B5500FCE406 /* UserModel.swift */; };
		08E4D56928BB6B6C00FCE406 /* WebService.swift in Sources */ = {isa = PBXBuildFile; fileRef = 08E4D56828BB6B6C00FCE406 /* WebService.swift */; };
		08E4D56C28BB72DE00FCE406 /* UserViewModel.swift in Sources */ = {isa = PBXBuildFile; fileRef = 08E4D56B28BB72DE00FCE406 /* UserViewModel.swift */; };
		08E4D56F28BB763100FCE406 /* Constants.swift in Sources */ = {isa = PBXBuildFile; fileRef = 08E4D56E28BB763100FCE406 /* Constants.swift */; };
		08E4D57128BB7C9700FCE406 /* users.json in Resources */ = {isa = PBXBuildFile; fileRef = 08E4D57028BB7C9700FCE406 /* users.json */; };
		08E4D57328BB7CFB00FCE406 /* LocalService.swift in Sources */ = {isa = PBXBuildFile; fileRef = 08E4D57228BB7CFB00FCE406 /* LocalService.swift */; };
		08E4D57528BB7F0700FCE406 /* NetworkService.swift in Sources */ = {isa = PBXBuildFile; fileRef = 08E4D57428BB7F0700FCE406 /* NetworkService.swift */; };
/* End PBXBuildFile section */

/* Begin PBXFileReference section */
		08E4D55328BB6B0E00FCE406 /* NetworkServiceSwiftUI.app */ = {isa = PBXFileReference; explicitFileType = wrapper.application; includeInIndex = 0; path = NetworkServiceSwiftUI.app; sourceTree = BUILT_PRODUCTS_DIR; };
		08E4D55628BB6B0E00FCE406 /* NetworkServiceSwiftUIApp.swift */ = {isa = PBXFileReference; lastKnownFileType = sourcecode.swift; path = NetworkServiceSwiftUIApp.swift; sourceTree = "<group>"; };
		08E4D55828BB6B0E00FCE406 /* ContentView.swift */ = {isa = PBXFileReference; lastKnownFileType = sourcecode.swift; path = ContentView.swift; sourceTree = "<group>"; };
		08E4D55A28BB6B0E00FCE406 /* Assets.xcassets */ = {isa = PBXFileReference; lastKnownFileType = folder.assetcatalog; path = Assets.xcassets; sourceTree = "<group>"; };
		08E4D55D28BB6B0E00FCE406 /* Preview Assets.xcassets */ = {isa = PBXFileReference; lastKnownFileType = folder.assetcatalog; path = "Preview Assets.xcassets"; sourceTree = "<group>"; };
		08E4D56528BB6B5500FCE406 /* UserModel.swift */ = {isa = PBXFileReference; lastKnownFileType = sourcecode.swift; path = UserModel.swift; sourceTree = "<group>"; };
		08E4D56828BB6B6C00FCE406 /* WebService.swift */ = {isa = PBXFileReference; lastKnownFileType = sourcecode.swift; path = WebService.swift; sourceTree = "<group>"; };
		08E4D56B28BB72DE00FCE406 /* UserViewModel.swift */ = {isa = PBXFileReference; lastKnownFileType = sourcecode.swift; path = UserViewModel.swift; sourceTree = "<group>"; };
		08E4D56E28BB763100FCE406 /* Constants.swift */ = {isa = PBXFileReference; lastKnownFileType = sourcecode.swift; path = Constants.swift; sourceTree = "<group>"; };
		08E4D57028BB7C9700FCE406 /* users.json */ = {isa = PBXFileReference; fileEncoding = 4; lastKnownFileType = text.json; path = users.json; sourceTree = "<group>"; };
		08E4D57228BB7CFB00FCE406 /* LocalService.swift */ = {isa = PBXFileReference; lastKnownFileType = sourcecode.swift; path = LocalService.swift; sourceTree = "<group>"; };
		08E4D57428BB7F0700FCE406 /* NetworkService.swift */ = {isa = PBXFileReference; lastKnownFileType = sourcecode.swift; path = NetworkService.swift; sourceTree = "<group>"; };
/* End PBXFileReference section */

/* Begin PBXFrameworksBuildPhase section */
		08E4D55028BB6B0D00FCE406 /* Frameworks */ = {
			isa = PBXFrameworksBuildPhase;
			buildActionMask = 2147483647;
			files = (
			);
			runOnlyForDeploymentPostprocessing = 0;
		};
/* End PBXFrameworksBuildPhase section */

/* Begin PBXGroup section */
		08E4D54A28BB6B0D00FCE406 = {
			isa = PBXGroup;
			children = (
				08E4D55528BB6B0E00FCE406 /* NetworkServiceSwiftUI */,
				08E4D55428BB6B0E00FCE406 /* Products */,
			);
			sourceTree = "<group>";
		};
		08E4D55428BB6B0E00FCE406 /* Products */ = {
			isa = PBXGroup;
			children = (
				08E4D55328BB6B0E00FCE406 /* NetworkServiceSwiftUI.app */,
			);
			name = Products;
			sourceTree = "<group>";
		};
		08E4D55528BB6B0E00FCE406 /* NetworkServiceSwiftUI */ = {
			isa = PBXGroup;
			children = (
				08E4D57028BB7C9700FCE406 /* users.json */,
				08E4D56D28BB761700FCE406 /* Constants */,
				08E4D56A28BB6B7600FCE406 /* ViewModel */,
				08E4D56728BB6B5B00FCE406 /* Service */,
				08E4D56428BB6B4400FCE406 /* Model */,
				08E4D55628BB6B0E00FCE406 /* NetworkServiceSwiftUIApp.swift */,
				08E4D55828BB6B0E00FCE406 /* ContentView.swift */,
				08E4D55A28BB6B0E00FCE406 /* Assets.xcassets */,
				08E4D55C28BB6B0E00FCE406 /* Preview Content */,
			);
			path = NetworkServiceSwiftUI;
			sourceTree = "<group>";
		};
		08E4D55C28BB6B0E00FCE406 /* Preview Content */ = {
			isa = PBXGroup;
			children = (
				08E4D55D28BB6B0E00FCE406 /* Preview Assets.xcassets */,
			);
			path = "Preview Content";
			sourceTree = "<group>";
		};
		08E4D56428BB6B4400FCE406 /* Model */ = {
			isa = PBXGroup;
			children = (
				08E4D56528BB6B5500FCE406 /* UserModel.swift */,
			);
			path = Model;
			sourceTree = "<group>";
		};
		08E4D56728BB6B5B00FCE406 /* Service */ = {
			isa = PBXGroup;
			children = (
				08E4D56828BB6B6C00FCE406 /* WebService.swift */,
				08E4D57228BB7CFB00FCE406 /* LocalService.swift */,
				08E4D57428BB7F0700FCE406 /* NetworkService.swift */,
			);
			path = Service;
			sourceTree = "<group>";
		};
		08E4D56A28BB6B7600FCE406 /* ViewModel */ = {
			isa = PBXGroup;
			children = (
				08E4D56B28BB72DE00FCE406 /* UserViewModel.swift */,
			);
			path = ViewModel;
			sourceTree = "<group>";
		};
		08E4D56D28BB761700FCE406 /* Constants */ = {
			isa = PBXGroup;
			children = (
				08E4D56E28BB763100FCE406 /* Constants.swift */,
			);
			path = Constants;
			sourceTree = "<group>";
		};
/* End PBXGroup section */

/* Begin PBXNativeTarget section */
		08E4D55228BB6B0D00FCE406 /* NetworkServiceSwiftUI */ = {
			isa = PBXNativeTarget;
			buildConfigurationList = 08E4D56128BB6B0E00FCE406 /* Build configuration list for PBXNativeTarget "NetworkServiceSwiftUI" */;
			buildPhases = (
				08E4D54F28BB6B0D00FCE406 /* Sources */,
				08E4D55028BB6B0D00FCE406 /* Frameworks */,
				08E4D55128BB6B0D00FCE406 /* Resources */,
			);
			buildRules = (
			);
			dependencies = (
			);
			name = NetworkServiceSwiftUI;
			productName = NetworkServiceSwiftUI;
			productReference = 08E4D55328BB6B0E00FCE406 /* NetworkServiceSwiftUI.app */;
			productType = "com.apple.product-type.application";
		};
/* End PBXNativeTarget section */

/* Begin PBXProject section */
		08E4D54B28BB6B0D00FCE406 /* Project object */ = {
			isa = PBXProject;
			attributes = {
				BuildIndependentTargetsInParallel = 1;
				LastSwiftUpdateCheck = 1330;
				LastUpgradeCheck = 1330;
				TargetAttributes = {
					08E4D55228BB6B0D00FCE406 = {
						CreatedOnToolsVersion = 13.3;
					};
				};
			};
			buildConfigurationList = 08E4D54E28BB6B0D00FCE406 /* Build configuration list for PBXProject "NetworkServiceSwiftUI" */;
			compatibilityVersion = "Xcode 13.0";
			developmentRegion = en;
			hasScannedForEncodings = 0;
			knownRegions = (
				en,
				Base,
			);
			mainGroup = 08E4D54A28BB6B0D00FCE406;
			productRefGroup = 08E4D55428BB6B0E00FCE406 /* Products */;
			projectDirPath = "";
			projectRoot = "";
			targets = (
				08E4D55228BB6B0D00FCE406 /* NetworkServiceSwiftUI */,
			);
		};
/* End PBXProject section */

/* Begin PBXResourcesBuildPhase section */
		08E4D55128BB6B0D00FCE406 /* Resources */ = {
			isa = PBXResourcesBuildPhase;
			buildActionMask = 2147483647;
			files = (
				08E4D57128BB7C9700FCE406 /* users.json in Resources */,
				08E4D55E28BB6B0E00FCE406 /* Preview Assets.xcassets in Resources */,
				08E4D55B28BB6B0E00FCE406 /* Assets.xcassets in Resources */,
			);
			runOnlyForDeploymentPostprocessing = 0;
		};
/* End PBXResourcesBuildPhase section */

/* Begin PBXSourcesBuildPhase section */
		08E4D54F28BB6B0D00FCE406 /* Sources */ = {
			isa = PBXSourcesBuildPhase;
			buildActionMask = 2147483647;
			files = (
				08E4D55928BB6B0E00FCE406 /* ContentView.swift in Sources */,
				08E4D56628BB6B5500FCE406 /* UserModel.swift in Sources */,
				08E4D57528BB7F0700FCE406 /* NetworkService.swift in Sources */,
				08E4D56928BB6B6C00FCE406 /* WebService.swift in Sources */,
				08E4D56C28BB72DE00FCE406 /* UserViewModel.swift in Sources */,
				08E4D55728BB6B0E00FCE406 /* NetworkServiceSwiftUIApp.swift in Sources */,
				08E4D57328BB7CFB00FCE406 /* LocalService.swift in Sources */,
				08E4D56F28BB763100FCE406 /* Constants.swift in Sources */,
			);
			runOnlyForDeploymentPostprocessing = 0;
		};
/* End PBXSourcesBuildPhase section */

/* Begin XCBuildConfiguration section */
		08E4D55F28BB6B0E00FCE406 /* Debug */ = {
			isa = XCBuildConfiguration;
			buildSettings = {
				ALWAYS_SEARCH_USER_PATHS = NO;
				CLANG_ANALYZER_NONNULL = YES;
				CLANG_ANALYZER_NUMBER_OBJECT_CONVERSION = YES_AGGRESSIVE;
				CLANG_CXX_LANGUAGE_STANDARD = "gnu++17";
				CLANG_ENABLE_MODULES = YES;
				CLANG_ENABLE_OBJC_ARC = YES;
				CLANG_ENABLE_OBJC_WEAK = YES;
				CLANG_WARN_BLOCK_CAPTURE_AUTORELEASING = YES;
				CLANG_WARN_BOOL_CONVERSION = YES;
				CLANG_WARN_COMMA = YES;
				CLANG_WARN_CONSTANT_CONVERSION = YES;
				CLANG_WARN_DEPRECATED_OBJC_IMPLEMENTATIONS = YES;
				CLANG_WARN_DIRECT_OBJC_ISA_USAGE = YES_ERROR;
				CLANG_WARN_DOCUMENTATION_COMMENTS = YES;
				CLANG_WARN_EMPTY_BODY = YES;
				CLANG_WARN_ENUM_CONVERSION = YES;
				CLANG_WARN_INFINITE_RECURSION = YES;
				CLANG_WARN_INT_CONVERSION = YES;
				CLANG_WARN_NON_LITERAL_NULL_CONVERSION = YES;
				CLANG_WARN_OBJC_IMPLICIT_RETAIN_SELF = YES;
				CLANG_WARN_OBJC_LITERAL_CONVERSION = YES;
				CLANG_WARN_OBJC_ROOT_CLASS = YES_ERROR;
				CLANG_WARN_QUOTED_INCLUDE_IN_FRAMEWORK_HEADER = YES;
				CLANG_WARN_RANGE_LOOP_ANALYSIS = YES;
				CLANG_WARN_STRICT_PROTOTYPES = YES;
				CLANG_WARN_SUSPICIOUS_MOVE = YES;
				CLANG_WARN_UNGUARDED_AVAILABILITY = YES_AGGRESSIVE;
				CLANG_WARN_UNREACHABLE_CODE = YES;
				CLANG_WARN__DUPLICATE_METHOD_MATCH = YES;
				COPY_PHASE_STRIP = NO;
				DEBUG_INFORMATION_FORMAT = dwarf;
				ENABLE_STRICT_OBJC_MSGSEND = YES;
				ENABLE_TESTABILITY = YES;
				GCC_C_LANGUAGE_STANDARD = gnu11;
				GCC_DYNAMIC_NO_PIC = NO;
				GCC_NO_COMMON_BLOCKS = YES;
				GCC_OPTIMIZATION_LEVEL = 0;
				GCC_PREPROCESSOR_DEFINITIONS = (
					"DEBUG=1",
					"$(inherited)",
				);
				GCC_WARN_64_TO_32_BIT_CONVERSION = YES;
				GCC_WARN_ABOUT_RETURN_TYPE = YES_ERROR;
				GCC_WARN_UNDECLARED_SELECTOR = YES;
				GCC_WARN_UNINITIALIZED_AUTOS = YES_AGGRESSIVE;
				GCC_WARN_UNUSED_FUNCTION = YES;
				GCC_WARN_UNUSED_VARIABLE = YES;
				IPHONEOS_DEPLOYMENT_TARGET = 15.4;
				MTL_ENABLE_DEBUG_INFO = INCLUDE_SOURCE;
				MTL_FAST_MATH = YES;
				ONLY_ACTIVE_ARCH = YES;
				SDKROOT = iphoneos;
				SWIFT_ACTIVE_COMPILATION_CONDITIONS = DEBUG;
				SWIFT_OPTIMIZATION_LEVEL = "-Onone";
			};
			name = Debug;
		};
		08E4D56028BB6B0E00FCE406 /* Release */ = {
			isa = XCBuildConfiguration;
			buildSettings = {
				ALWAYS_SEARCH_USER_PATHS = NO;
				CLANG_ANALYZER_NONNULL = YES;
				CLANG_ANALYZER_NUMBER_OBJECT_CONVERSION = YES_AGGRESSIVE;
				CLANG_CXX_LANGUAGE_STANDARD = "gnu++17";
				CLANG_ENABLE_MODULES = YES;
				CLANG_ENABLE_OBJC_ARC = YES;
				CLANG_ENABLE_OBJC_WEAK = YES;
				CLANG_WARN_BLOCK_CAPTURE_AUTORELEASING = YES;
				CLANG_WARN_BOOL_CONVERSION = YES;
				CLANG_WARN_COMMA = YES;
				CLANG_WARN_CONSTANT_CONVERSION = YES;
				CLANG_WARN_DEPRECATED_OBJC_IMPLEMENTATIONS = YES;
				CLANG_WARN_DIRECT_OBJC_ISA_USAGE = YES_ERROR;
				CLANG_WARN_DOCUMENTATION_COMMENTS = YES;
				CLANG_WARN_EMPTY_BODY = YES;
				CLANG_WARN_ENUM_CONVERSION = YES;
				CLANG_WARN_INFINITE_RECURSION = YES;
				CLANG_WARN_INT_CONVERSION = YES;
				CLANG_WARN_NON_LITERAL_NULL_CONVERSION = YES;
				CLANG_WARN_OBJC_IMPLICIT_RETAIN_SELF = YES;
				CLANG_WARN_OBJC_LITERAL_CONVERSION = YES;
				CLANG_WARN_OBJC_ROOT_CLASS = YES_ERROR;
				CLANG_WARN_QUOTED_INCLUDE_IN_FRAMEWORK_HEADER = YES;
				CLANG_WARN_RANGE_LOOP_ANALYSIS = YES;
				CLANG_WARN_STRICT_PROTOTYPES = YES;
				CLANG_WARN_SUSPICIOUS_MOVE = YES;
				CLANG_WARN_UNGUARDED_AVAILABILITY = YES_AGGRESSIVE;
				CLANG_WARN_UNREACHABLE_CODE = YES;
				CLANG_WARN__DUPLICATE_METHOD_MATCH = YES;
				COPY_PHASE_STRIP = NO;
				DEBUG_INFORMATION_FORMAT = "dwarf-with-dsym";
				ENABLE_NS_ASSERTIONS = NO;
				ENABLE_STRICT_OBJC_MSGSEND = YES;
				GCC_C_LANGUAGE_STANDARD = gnu11;
				GCC_NO_COMMON_BLOCKS = YES;
				GCC_WARN_64_TO_32_BIT_CONVERSION = YES;
				GCC_WARN_ABOUT_RETURN_TYPE = YES_ERROR;
				GCC_WARN_UNDECLARED_SELECTOR = YES;
				GCC_WARN_UNINITIALIZED_AUTOS = YES_AGGRESSIVE;
				GCC_WARN_UNUSED_FUNCTION = YES;
				GCC_WARN_UNUSED_VARIABLE = YES;
				IPHONEOS_DEPLOYMENT_TARGET = 15.4;
				MTL_ENABLE_DEBUG_INFO = NO;
				MTL_FAST_MATH = YES;
				SDKROOT = iphoneos;
				SWIFT_COMPILATION_MODE = wholemodule;
				SWIFT_OPTIMIZATION_LEVEL = "-O";
				VALIDATE_PRODUCT = YES;
			};
			name = Release;
		};
		08E4D56228BB6B0E00FCE406 /* Debug */ = {
			isa = XCBuildConfiguration;
			buildSettings = {
				ASSETCATALOG_COMPILER_APPICON_NAME = AppIcon;
				ASSETCATALOG_COMPILER_GLOBAL_ACCENT_COLOR_NAME = AccentColor;
				CODE_SIGN_STYLE = Automatic;
				CURRENT_PROJECT_VERSION = 1;
				DEVELOPMENT_ASSET_PATHS = "\"NetworkServiceSwiftUI/Preview Content\"";
				DEVELOPMENT_TEAM = CFVDGKJNN6;
				ENABLE_PREVIEWS = YES;
				GENERATE_INFOPLIST_FILE = YES;
				INFOPLIST_KEY_UIApplicationSceneManifest_Generation = YES;
				INFOPLIST_KEY_UIApplicationSupportsIndirectInputEvents = YES;
				INFOPLIST_KEY_UILaunchScreen_Generation = YES;
				INFOPLIST_KEY_UISupportedInterfaceOrientations_iPad = "UIInterfaceOrientationPortrait UIInterfaceOrientationPortraitUpsideDown UIInterfaceOrientationLandscapeLeft UIInterfaceOrientationLandscapeRight";
				INFOPLIST_KEY_UISupportedInterfaceOrientations_iPhone = "UIInterfaceOrientationPortrait UIInterfaceOrientationLandscapeLeft UIInterfaceOrientationLandscapeRight";
				LD_RUNPATH_SEARCH_PATHS = (
					"$(inherited)",
					"@executable_path/Frameworks",
				);
				MARKETING_VERSION = 1.0;
				PRODUCT_BUNDLE_IDENTIFIER = com.mustafacicek.ThreadingSwift.NetworkServiceSwiftUI;
				PRODUCT_NAME = "$(TARGET_NAME)";
				SWIFT_EMIT_LOC_STRINGS = YES;
				SWIFT_VERSION = 5.0;
				TARGETED_DEVICE_FAMILY = "1,2";
			};
			name = Debug;
		};
		08E4D56328BB6B0E00FCE406 /* Release */ = {
			isa = XCBuildConfiguration;
			buildSettings = {
				ASSETCATALOG_COMPILER_APPICON_NAME = AppIcon;
				ASSETCATALOG_COMPILER_GLOBAL_ACCENT_COLOR_NAME = AccentColor;
				CODE_SIGN_STYLE = Automatic;
				CURRENT_PROJECT_VERSION = 1;
				DEVELOPMENT_ASSET_PATHS = "\"NetworkServiceSwiftUI/Preview Content\"";
				DEVELOPMENT_TEAM = CFVDGKJNN6;
				ENABLE_PREVIEWS = YES;
				GENERATE_INFOPLIST_FILE = YES;
				INFOPLIST_KEY_UIApplicationSceneManifest_Generation = YES;
				INFOPLIST_KEY_UIApplicationSupportsIndirectInputEvents = YES;
				INFOPLIST_KEY_UILaunchScreen_Generation = YES;
				INFOPLIST_KEY_UISupportedInterfaceOrientations_iPad = "UIInterfaceOrientationPortrait UIInterfaceOrientationPortraitUpsideDown UIInterfaceOrientationLandscapeLeft UIInterfaceOrientationLandscapeRight";
				INFOPLIST_KEY_UISupportedInterfaceOrientations_iPhone = "UIInterfaceOrientationPortrait UIInterfaceOrientationLandscapeLeft UIInterfaceOrientationLandscapeRight";
				LD_RUNPATH_SEARCH_PATHS = (
					"$(inherited)",
					"@executable_path/Frameworks",
				);
				MARKETING_VERSION = 1.0;
				PRODUCT_BUNDLE_IDENTIFIER = com.mustafacicek.ThreadingSwift.NetworkServiceSwiftUI;
				PRODUCT_NAME = "$(TARGET_NAME)";
				SWIFT_EMIT_LOC_STRINGS = YES;
				SWIFT_VERSION = 5.0;
				TARGETED_DEVICE_FAMILY = "1,2";
			};
			name = Release;
		};
/* End XCBuildConfiguration section */

/* Begin XCConfigurationList section */
		08E4D54E28BB6B0D00FCE406 /* Build configuration list for PBXProject "NetworkServiceSwiftUI" */ = {
			isa = XCConfigurationList;
			buildConfigurations = (
				08E4D55F28BB6B0E00FCE406 /* Debug */,
				08E4D56028BB6B0E00FCE406 /* Release */,
			);
			defaultConfigurationIsVisible = 0;
			defaultConfigurationName = Release;
		};
		08E4D56128BB6B0E00FCE406 /* Build configuration list for PBXNativeTarget "NetworkServiceSwiftUI" */ = {
			isa = XCConfigurationList;
			buildConfigurations = (
				08E4D56228BB6B0E00FCE406 /* Debug */,
				08E4D56328BB6B0E00FCE406 /* Release */,
			);
			defaultConfigurationIsVisible = 0;
			defaultConfigurationName = Release;
		};
/* End XCConfigurationList section */
	};
	rootObject = 08E4D54B28BB6B0D00FCE406 /* Project object */;
}
